{
  "name": "yomiko",
  "lockfileVersion": 3,
  "requires": true,
  "packages": {
    "": {
      "name": "yomiko"
    },
    "common": {
      "version": "1.0.0",
      "extraneous": true,
      "license": "UNLICENSED",
      "devDependencies": {
        "@types/node": "^20.10.5",
        "typescript": "^5.0.4"
      }
    }
  }
}
